// !$*UTF8*$!
{
	archiveVersion = 1;
	classes = {
	};
	objectVersion = 46;
	objects = {

/* Begin PBXAggregateTarget section */
		E3694A561B51736B0013F46D /* BuildBoth */ = {
			isa = PBXAggregateTarget;
			buildConfigurationList = E3694A571B51736B0013F46D /* Build configuration list for PBXAggregateTarget "BuildBoth" */;
			buildPhases = (
			);
			dependencies = (
				E3694A5B1B5173750013F46D /* PBXTargetDependency */,
				E3694A5D1B5173750013F46D /* PBXTargetDependency */,
			);
			name = BuildBoth;
			productName = BuildBoth;
		};
/* End PBXAggregateTarget section */

/* Begin PBXBuildFile section */
		2200542018BC54E8002A6E8B /* AppDelegate.swift in Sources */ = {isa = PBXBuildFile; fileRef = 2200541C18BC54E8002A6E8B /* AppDelegate.swift */; };
		2200542818BC54EC002A6E8B /* CustomSearchBarViewController.swift in Sources */ = {isa = PBXBuildFile; fileRef = 2200542218BC54EC002A6E8B /* CustomSearchBarViewController.swift */; };
		2200542918BC54EC002A6E8B /* CustomToolbarViewController.swift in Sources */ = {isa = PBXBuildFile; fileRef = 2200542318BC54EC002A6E8B /* CustomToolbarViewController.swift */; };
		2200542B18BC54EC002A6E8B /* DefaultSearchBarViewController.swift in Sources */ = {isa = PBXBuildFile; fileRef = 2200542518BC54EC002A6E8B /* DefaultSearchBarViewController.swift */; };
		2200542C18BC54EC002A6E8B /* DefaultToolbarViewController.swift in Sources */ = {isa = PBXBuildFile; fileRef = 2200542618BC54EC002A6E8B /* DefaultToolbarViewController.swift */; };
		2200543D18BC54F5002A6E8B /* Localizable.strings in Resources */ = {isa = PBXBuildFile; fileRef = 2200542E18BC54F5002A6E8B /* Localizable.strings */; };
		2200544018BC54F5002A6E8B /* PickerViewController.swift in Sources */ = {isa = PBXBuildFile; fileRef = 2200543118BC54F5002A6E8B /* PickerViewController.swift */; };
		2200544218BC54F5002A6E8B /* SegmentedControlViewController.swift in Sources */ = {isa = PBXBuildFile; fileRef = 2200543318BC54F5002A6E8B /* SegmentedControlViewController.swift */; };
		2200544818BC54F5002A6E8B /* TextViewController.swift in Sources */ = {isa = PBXBuildFile; fileRef = 2200543918BC54F5002A6E8B /* TextViewController.swift */; };
		2200544918BC54F5002A6E8B /* TintedToolbarViewController.swift in Sources */ = {isa = PBXBuildFile; fileRef = 2200543A18BC54F5002A6E8B /* TintedToolbarViewController.swift */; };
		2200544A18BC54F5002A6E8B /* WebViewController.swift in Sources */ = {isa = PBXBuildFile; fileRef = 2200543B18BC54F5002A6E8B /* WebViewController.swift */; };
		228DB9FA18BC53F1002BA12A /* InfoPlist.strings in Resources */ = {isa = PBXBuildFile; fileRef = 228DB9F818BC53F1002BA12A /* InfoPlist.strings */; };
		228DBA0818BC53F1002BA12A /* Images.xcassets in Resources */ = {isa = PBXBuildFile; fileRef = 228DBA0718BC53F1002BA12A /* Images.xcassets */; };
		3E5C084E1974991E00969DD7 /* Main.storyboard in Resources */ = {isa = PBXBuildFile; fileRef = 3E5C08501974991E00969DD7 /* Main.storyboard */; };
		3E6AE850196B20240062A3E1 /* SearchControllerBaseViewController.swift in Sources */ = {isa = PBXBuildFile; fileRef = 3E6AE84F196B20240062A3E1 /* SearchControllerBaseViewController.swift */; };
		3E6AE852196B39110062A3E1 /* SearchResultsViewController.swift in Sources */ = {isa = PBXBuildFile; fileRef = 3E6AE851196B39110062A3E1 /* SearchResultsViewController.swift */; };
		3E6AE854196B39350062A3E1 /* SearchShowResultsInSourceViewController.swift in Sources */ = {isa = PBXBuildFile; fileRef = 3E6AE853196B39350062A3E1 /* SearchShowResultsInSourceViewController.swift */; };
		3E6AE856196B3B490062A3E1 /* SearchPresentOverNavigationBarViewController.swift in Sources */ = {isa = PBXBuildFile; fileRef = 3E6AE855196B3B490062A3E1 /* SearchPresentOverNavigationBarViewController.swift */; };
		3E6AE85A196B3BBC0062A3E1 /* SearchBarEmbeddedInNavigationBarViewController.swift in Sources */ = {isa = PBXBuildFile; fileRef = 3E6AE859196B3BBC0062A3E1 /* SearchBarEmbeddedInNavigationBarViewController.swift */; };
		A66F86611B7FF6F100BE26DC /* ImageViewController.swift in Sources */ = {isa = PBXBuildFile; fileRef = A66F86601B7FF6F100BE26DC /* ImageViewController.swift */; };
		A66F86621B7FF6F100BE26DC /* ImageViewController.swift in Sources */ = {isa = PBXBuildFile; fileRef = A66F86601B7FF6F100BE26DC /* ImageViewController.swift */; };
		A66F86641B82761500BE26DC /* PageControlViewController.swift in Sources */ = {isa = PBXBuildFile; fileRef = A66F86631B82761500BE26DC /* PageControlViewController.swift */; };
		A66F86651B82761500BE26DC /* PageControlViewController.swift in Sources */ = {isa = PBXBuildFile; fileRef = A66F86631B82761500BE26DC /* PageControlViewController.swift */; };
		A680ACCE1B52DA74006ADDBC /* ActivityIndicatorViewController.swift in Sources */ = {isa = PBXBuildFile; fileRef = A680ACCD1B52DA74006ADDBC /* ActivityIndicatorViewController.swift */; };
		A680ACCF1B52DB12006ADDBC /* ActivityIndicatorViewController.swift in Sources */ = {isa = PBXBuildFile; fileRef = A680ACCD1B52DA74006ADDBC /* ActivityIndicatorViewController.swift */; };
		A680ACD11B52E14D006ADDBC /* ButtonViewController.swift in Sources */ = {isa = PBXBuildFile; fileRef = A680ACD01B52E14D006ADDBC /* ButtonViewController.swift */; };
		A680ACD21B52E14D006ADDBC /* ButtonViewController.swift in Sources */ = {isa = PBXBuildFile; fileRef = A680ACD01B52E14D006ADDBC /* ButtonViewController.swift */; };
		A680ACD51B53001C006ADDBC /* Images.xcassets in Resources */ = {isa = PBXBuildFile; fileRef = 228DBA0718BC53F1002BA12A /* Images.xcassets */; };
		A6E82D891B6B3E0A009402A2 /* AlertControllerViewController.swift in Sources */ = {isa = PBXBuildFile; fileRef = A6E82D881B6B3E0A009402A2 /* AlertControllerViewController.swift */; };
		A6E82D8A1B6B3E0A009402A2 /* AlertControllerViewController.swift in Sources */ = {isa = PBXBuildFile; fileRef = A6E82D881B6B3E0A009402A2 /* AlertControllerViewController.swift */; };
		A6E82D8C1B702533009402A2 /* SliderViewController.swift in Sources */ = {isa = PBXBuildFile; fileRef = A6E82D8B1B702533009402A2 /* SliderViewController.swift */; };
		A6E82D8D1B702533009402A2 /* SliderViewController.swift in Sources */ = {isa = PBXBuildFile; fileRef = A6E82D8B1B702533009402A2 /* SliderViewController.swift */; };
		A6E82D8F1B703527009402A2 /* StepperViewController.swift in Sources */ = {isa = PBXBuildFile; fileRef = A6E82D8E1B703527009402A2 /* StepperViewController.swift */; };
		A6E82D901B703527009402A2 /* StepperViewController.swift in Sources */ = {isa = PBXBuildFile; fileRef = A6E82D8E1B703527009402A2 /* StepperViewController.swift */; };
		A6E82D921B70933D009402A2 /* TextFieldViewController.swift in Sources */ = {isa = PBXBuildFile; fileRef = A6E82D911B70933D009402A2 /* TextFieldViewController.swift */; };
		A6E82D931B70933D009402A2 /* TextFieldViewController.swift in Sources */ = {isa = PBXBuildFile; fileRef = A6E82D911B70933D009402A2 /* TextFieldViewController.swift */; };
		E30E98AE1B5229FC0009ADD3 /* ProgressViewController.swift in Sources */ = {isa = PBXBuildFile; fileRef = E30E98AD1B5229FC0009ADD3 /* ProgressViewController.swift */; };
		E30E98AF1B5230500009ADD3 /* ProgressViewController.swift in Sources */ = {isa = PBXBuildFile; fileRef = E30E98AD1B5229FC0009ADD3 /* ProgressViewController.swift */; };
		E3649B1C1B5174A6003942E0 /* BlueViewController.swift in Sources */ = {isa = PBXBuildFile; fileRef = E3649B171B5174A6003942E0 /* BlueViewController.swift */; };
		E3649B1D1B5174A6003942E0 /* BlueViewController.xib in Resources */ = {isa = PBXBuildFile; fileRef = E3649B181B5174A6003942E0 /* BlueViewController.xib */; };
		E3649B1E1B5174A6003942E0 /* MasterDetailViewController.swift in Sources */ = {isa = PBXBuildFile; fileRef = E3649B191B5174A6003942E0 /* MasterDetailViewController.swift */; };
		E3649B1F1B5174A6003942E0 /* PurpleViewController.swift in Sources */ = {isa = PBXBuildFile; fileRef = E3649B1A1B5174A6003942E0 /* PurpleViewController.swift */; };
		E3649B201B5174A6003942E0 /* PurpleViewController.xib in Resources */ = {isa = PBXBuildFile; fileRef = E3649B1B1B5174A6003942E0 /* PurpleViewController.xib */; };
		E3649B231B5174C6003942E0 /* OSXMain.storyboard in Resources */ = {isa = PBXBuildFile; fileRef = E3649B211B5174C6003942E0 /* OSXMain.storyboard */; };
		E3694A3C1B51732D0013F46D /* AppDelegate.swift in Sources */ = {isa = PBXBuildFile; fileRef = E3694A3B1B51732D0013F46D /* AppDelegate.swift */; };
		E3753BCC1B518E0E006FCC10 /* ActivityIndicatorViewController.xib in Resources */ = {isa = PBXBuildFile; fileRef = E3753BCA1B518E0E006FCC10 /* ActivityIndicatorViewController.xib */; };
		E3753BD01B518E29006FCC10 /* AlertControllerViewController.xib in Resources */ = {isa = PBXBuildFile; fileRef = E3753BCE1B518E29006FCC10 /* AlertControllerViewController.xib */; };
		E3753BD41B518E41006FCC10 /* ButtonViewController.xib in Resources */ = {isa = PBXBuildFile; fileRef = E3753BD21B518E41006FCC10 /* ButtonViewController.xib */; };
		E3753BD81B518E82006FCC10 /* DatePickerController.xib in Resources */ = {isa = PBXBuildFile; fileRef = E3753BD61B518E82006FCC10 /* DatePickerController.xib */; };
		E3753BDC1B518EA2006FCC10 /* ImageViewController.xib in Resources */ = {isa = PBXBuildFile; fileRef = E3753BDA1B518EA2006FCC10 /* ImageViewController.xib */; };
		E3753BE01B518EBA006FCC10 /* PageControlViewController.xib in Resources */ = {isa = PBXBuildFile; fileRef = E3753BDE1B518EBA006FCC10 /* PageControlViewController.xib */; };
		E3753BE31B518ED3006FCC10 /* PickerViewController.swift in Sources */ = {isa = PBXBuildFile; fileRef = E3753BE11B518ED3006FCC10 /* PickerViewController.swift */; };
		E3753BE41B518ED3006FCC10 /* PickerViewController.xib in Resources */ = {isa = PBXBuildFile; fileRef = E3753BE21B518ED3006FCC10 /* PickerViewController.xib */; };
		E3753BE81B518EF1006FCC10 /* ProgressViewController.xib in Resources */ = {isa = PBXBuildFile; fileRef = E3753BE61B518EF1006FCC10 /* ProgressViewController.xib */; };
		E3753BEB1B518F1C006FCC10 /* SegmentedControlViewController.swift in Sources */ = {isa = PBXBuildFile; fileRef = E3753BE91B518F1C006FCC10 /* SegmentedControlViewController.swift */; };
		E3753BEC1B518F1C006FCC10 /* SegmentedControlViewController.xib in Resources */ = {isa = PBXBuildFile; fileRef = E3753BEA1B518F1C006FCC10 /* SegmentedControlViewController.xib */; };
		E3753BF01B518F33006FCC10 /* SliderViewController.xib in Resources */ = {isa = PBXBuildFile; fileRef = E3753BEE1B518F33006FCC10 /* SliderViewController.xib */; };
		E3753BF41B518F5C006FCC10 /* StepperViewController.xib in Resources */ = {isa = PBXBuildFile; fileRef = E3753BF21B518F5C006FCC10 /* StepperViewController.xib */; };
		E3753BF81B518F85006FCC10 /* SwitchViewController.xib in Resources */ = {isa = PBXBuildFile; fileRef = E3753BF61B518F85006FCC10 /* SwitchViewController.xib */; };
		E3753BFC1B518FA9006FCC10 /* TextFieldViewController.xib in Resources */ = {isa = PBXBuildFile; fileRef = E3753BFA1B518FA8006FCC10 /* TextFieldViewController.xib */; };
		E3753BFF1B518FC0006FCC10 /* TextViewController.swift in Sources */ = {isa = PBXBuildFile; fileRef = E3753BFD1B518FC0006FCC10 /* TextViewController.swift */; };
		E3753C001B518FC0006FCC10 /* TextViewController.xib in Resources */ = {isa = PBXBuildFile; fileRef = E3753BFE1B518FC0006FCC10 /* TextViewController.xib */; };
		E3753C031B518FD8006FCC10 /* WebViewController.swift in Sources */ = {isa = PBXBuildFile; fileRef = E3753C011B518FD8006FCC10 /* WebViewController.swift */; };
		E3753C041B518FD8006FCC10 /* WebViewController.xib in Resources */ = {isa = PBXBuildFile; fileRef = E3753C021B518FD8006FCC10 /* WebViewController.xib */; };
		E38F2EC41B52A651000A70C7 /* SwitchViewController.swift in Sources */ = {isa = PBXBuildFile; fileRef = E38F2EC31B52A651000A70C7 /* SwitchViewController.swift */; };
		E38F2EC51B52A82E000A70C7 /* SwitchViewController.swift in Sources */ = {isa = PBXBuildFile; fileRef = E38F2EC31B52A651000A70C7 /* SwitchViewController.swift */; };
		E3ADC97F1B51ADCA0042087B /* DatePickerController.swift in Sources */ = {isa = PBXBuildFile; fileRef = E3ADC97D1B51ADCA0042087B /* DatePickerController.swift */; };
		E3ADC9801B51ADCA0042087B /* DatePickerController.swift in Sources */ = {isa = PBXBuildFile; fileRef = E3ADC97D1B51ADCA0042087B /* DatePickerController.swift */; };
		E3ADC9811B51ADCA0042087B /* XColor+ApplicationSpecific.swift in Sources */ = {isa = PBXBuildFile; fileRef = E3ADC97E1B51ADCA0042087B /* XColor+ApplicationSpecific.swift */; };
		E3ADC9821B51ADCA0042087B /* XColor+ApplicationSpecific.swift in Sources */ = {isa = PBXBuildFile; fileRef = E3ADC97E1B51ADCA0042087B /* XColor+ApplicationSpecific.swift */; };
		E3ADC98C1B51AE6C0042087B /* XKit-OSX.swift in Sources */ = {isa = PBXBuildFile; fileRef = E3ADC98A1B51AE6C0042087B /* XKit-OSX.swift */; };
		E3ADC98E1B51AF4C0042087B /* XKit-iOS.swift in Sources */ = {isa = PBXBuildFile; fileRef = E3ADC98D1B51AF4C0042087B /* XKit-iOS.swift */; };
/* End PBXBuildFile section */

/* Begin PBXContainerItemProxy section */
		E3694A5A1B5173750013F46D /* PBXContainerItemProxy */ = {
			isa = PBXContainerItemProxy;
			containerPortal = 228DB9EB18BC53F1002BA12A /* Project object */;
			proxyType = 1;
			remoteGlobalIDString = 228DB9F218BC53F1002BA12A;
			remoteInfo = XCatalogiOS;
		};
		E3694A5C1B5173750013F46D /* PBXContainerItemProxy */ = {
			isa = PBXContainerItemProxy;
			containerPortal = 228DB9EB18BC53F1002BA12A /* Project object */;
			proxyType = 1;
			remoteGlobalIDString = E3694A361B51732D0013F46D;
			remoteInfo = XCatalogOSX;
		};
/* End PBXContainerItemProxy section */

/* Begin PBXFileReference section */
		2200541C18BC54E8002A6E8B /* AppDelegate.swift */ = {isa = PBXFileReference; fileEncoding = 4; lastKnownFileType = sourcecode.swift; path = AppDelegate.swift; sourceTree = "<group>"; };
		2200542218BC54EC002A6E8B /* CustomSearchBarViewController.swift */ = {isa = PBXFileReference; fileEncoding = 4; lastKnownFileType = sourcecode.swift; lineEnding = 0; path = CustomSearchBarViewController.swift; sourceTree = "<group>"; };
		2200542318BC54EC002A6E8B /* CustomToolbarViewController.swift */ = {isa = PBXFileReference; fileEncoding = 4; lastKnownFileType = sourcecode.swift; lineEnding = 0; path = CustomToolbarViewController.swift; sourceTree = "<group>"; };
		2200542518BC54EC002A6E8B /* DefaultSearchBarViewController.swift */ = {isa = PBXFileReference; fileEncoding = 4; lastKnownFileType = sourcecode.swift; path = DefaultSearchBarViewController.swift; sourceTree = "<group>"; };
		2200542618BC54EC002A6E8B /* DefaultToolbarViewController.swift */ = {isa = PBXFileReference; fileEncoding = 4; lastKnownFileType = sourcecode.swift; lineEnding = 0; path = DefaultToolbarViewController.swift; sourceTree = "<group>"; };
		2200542E18BC54F5002A6E8B /* Localizable.strings */ = {isa = PBXFileReference; fileEncoding = 4; lastKnownFileType = text.plist.strings; path = Localizable.strings; sourceTree = "<group>"; };
		2200543118BC54F5002A6E8B /* PickerViewController.swift */ = {isa = PBXFileReference; fileEncoding = 4; lastKnownFileType = sourcecode.swift; lineEnding = 0; path = PickerViewController.swift; sourceTree = "<group>"; };
		2200543318BC54F5002A6E8B /* SegmentedControlViewController.swift */ = {isa = PBXFileReference; fileEncoding = 4; lastKnownFileType = sourcecode.swift; lineEnding = 0; path = SegmentedControlViewController.swift; sourceTree = "<group>"; };
		2200543918BC54F5002A6E8B /* TextViewController.swift */ = {isa = PBXFileReference; fileEncoding = 4; lastKnownFileType = sourcecode.swift; lineEnding = 0; path = TextViewController.swift; sourceTree = "<group>"; };
		2200543A18BC54F5002A6E8B /* TintedToolbarViewController.swift */ = {isa = PBXFileReference; fileEncoding = 4; lastKnownFileType = sourcecode.swift; path = TintedToolbarViewController.swift; sourceTree = "<group>"; };
		2200543B18BC54F5002A6E8B /* WebViewController.swift */ = {isa = PBXFileReference; fileEncoding = 4; lastKnownFileType = sourcecode.swift; path = WebViewController.swift; sourceTree = "<group>"; };
		228DB9F318BC53F1002BA12A /* XCatalogiOS.app */ = {isa = PBXFileReference; explicitFileType = wrapper.application; includeInIndex = 0; path = XCatalogiOS.app; sourceTree = BUILT_PRODUCTS_DIR; };
		228DB9F718BC53F1002BA12A /* UICatalog-Info.plist */ = {isa = PBXFileReference; lastKnownFileType = text.plist.xml; path = "UICatalog-Info.plist"; sourceTree = "<group>"; };
		228DB9F918BC53F1002BA12A /* en */ = {isa = PBXFileReference; lastKnownFileType = text.plist.strings; name = en; path = en.lproj/InfoPlist.strings; sourceTree = "<group>"; };
		228DBA0718BC53F1002BA12A /* Images.xcassets */ = {isa = PBXFileReference; lastKnownFileType = folder.assetcatalog; path = Images.xcassets; sourceTree = "<group>"; };
		3E5C084A19748EAA00969DD7 /* Apple README.md */ = {isa = PBXFileReference; fileEncoding = 4; lastKnownFileType = net.daringfireball.markdown; name = "Apple README.md"; path = "../Apple README.md"; sourceTree = "<group>"; };
		3E5C084F1974991E00969DD7 /* Base */ = {isa = PBXFileReference; lastKnownFileType = file.storyboard; name = Base; path = Base.lproj/Main.storyboard; sourceTree = "<group>"; };
		3E6AE84F196B20240062A3E1 /* SearchControllerBaseViewController.swift */ = {isa = PBXFileReference; fileEncoding = 4; lastKnownFileType = sourcecode.swift; path = SearchControllerBaseViewController.swift; sourceTree = "<group>"; };
		3E6AE851196B39110062A3E1 /* SearchResultsViewController.swift */ = {isa = PBXFileReference; fileEncoding = 4; lastKnownFileType = sourcecode.swift; path = SearchResultsViewController.swift; sourceTree = "<group>"; };
		3E6AE853196B39350062A3E1 /* SearchShowResultsInSourceViewController.swift */ = {isa = PBXFileReference; fileEncoding = 4; lastKnownFileType = sourcecode.swift; path = SearchShowResultsInSourceViewController.swift; sourceTree = "<group>"; };
		3E6AE855196B3B490062A3E1 /* SearchPresentOverNavigationBarViewController.swift */ = {isa = PBXFileReference; fileEncoding = 4; lastKnownFileType = sourcecode.swift; path = SearchPresentOverNavigationBarViewController.swift; sourceTree = "<group>"; };
		3E6AE859196B3BBC0062A3E1 /* SearchBarEmbeddedInNavigationBarViewController.swift */ = {isa = PBXFileReference; fileEncoding = 4; lastKnownFileType = sourcecode.swift; path = SearchBarEmbeddedInNavigationBarViewController.swift; sourceTree = "<group>"; };
		A66F86601B7FF6F100BE26DC /* ImageViewController.swift */ = {isa = PBXFileReference; fileEncoding = 4; lastKnownFileType = sourcecode.swift; path = ImageViewController.swift; sourceTree = "<group>"; };
		A66F86631B82761500BE26DC /* PageControlViewController.swift */ = {isa = PBXFileReference; fileEncoding = 4; lastKnownFileType = sourcecode.swift; path = PageControlViewController.swift; sourceTree = "<group>"; };
		A680ACCD1B52DA74006ADDBC /* ActivityIndicatorViewController.swift */ = {isa = PBXFileReference; fileEncoding = 4; lastKnownFileType = sourcecode.swift; path = ActivityIndicatorViewController.swift; sourceTree = "<group>"; };
		A680ACD01B52E14D006ADDBC /* ButtonViewController.swift */ = {isa = PBXFileReference; fileEncoding = 4; lastKnownFileType = sourcecode.swift; path = ButtonViewController.swift; sourceTree = "<group>"; };
		A6E82D881B6B3E0A009402A2 /* AlertControllerViewController.swift */ = {isa = PBXFileReference; fileEncoding = 4; lastKnownFileType = sourcecode.swift; path = AlertControllerViewController.swift; sourceTree = "<group>"; };
		A6E82D8B1B702533009402A2 /* SliderViewController.swift */ = {isa = PBXFileReference; fileEncoding = 4; lastKnownFileType = sourcecode.swift; path = SliderViewController.swift; sourceTree = "<group>"; };
		A6E82D8E1B703527009402A2 /* StepperViewController.swift */ = {isa = PBXFileReference; fileEncoding = 4; lastKnownFileType = sourcecode.swift; path = StepperViewController.swift; sourceTree = "<group>"; };
		A6E82D911B70933D009402A2 /* TextFieldViewController.swift */ = {isa = PBXFileReference; fileEncoding = 4; lastKnownFileType = sourcecode.swift; path = TextFieldViewController.swift; sourceTree = "<group>"; };
		E30E98AD1B5229FC0009ADD3 /* ProgressViewController.swift */ = {isa = PBXFileReference; fileEncoding = 4; lastKnownFileType = sourcecode.swift; path = ProgressViewController.swift; sourceTree = "<group>"; };
		E322C8AC1B52E755002C1020 /* LICENSE.md */ = {isa = PBXFileReference; lastKnownFileType = net.daringfireball.markdown; name = LICENSE.md; path = ../LICENSE.md; sourceTree = "<group>"; };
		E322C8AD1B52E846002C1020 /* Apple LICENSE.txt */ = {isa = PBXFileReference; lastKnownFileType = text; name = "Apple LICENSE.txt"; path = "../Apple LICENSE.txt"; sourceTree = "<group>"; };
		E3649B171B5174A6003942E0 /* BlueViewController.swift */ = {isa = PBXFileReference; fileEncoding = 4; lastKnownFileType = sourcecode.swift; path = BlueViewController.swift; sourceTree = "<group>"; };
		E3649B181B5174A6003942E0 /* BlueViewController.xib */ = {isa = PBXFileReference; fileEncoding = 4; lastKnownFileType = file.xib; path = BlueViewController.xib; sourceTree = "<group>"; };
		E3649B191B5174A6003942E0 /* MasterDetailViewController.swift */ = {isa = PBXFileReference; fileEncoding = 4; lastKnownFileType = sourcecode.swift; path = MasterDetailViewController.swift; sourceTree = "<group>"; };
		E3649B1A1B5174A6003942E0 /* PurpleViewController.swift */ = {isa = PBXFileReference; fileEncoding = 4; lastKnownFileType = sourcecode.swift; path = PurpleViewController.swift; sourceTree = "<group>"; };
		E3649B1B1B5174A6003942E0 /* PurpleViewController.xib */ = {isa = PBXFileReference; fileEncoding = 4; lastKnownFileType = file.xib; path = PurpleViewController.xib; sourceTree = "<group>"; };
		E3649B221B5174C6003942E0 /* Base */ = {isa = PBXFileReference; lastKnownFileType = file.storyboard; name = Base; path = Base.lproj/OSXMain.storyboard; sourceTree = "<group>"; };
		E36604161B51F29B008F02E6 /* README.md */ = {isa = PBXFileReference; lastKnownFileType = net.daringfireball.markdown; name = README.md; path = ../README.md; sourceTree = "<group>"; };
		E3694A371B51732D0013F46D /* XCatalogOSX.app */ = {isa = PBXFileReference; explicitFileType = wrapper.application; includeInIndex = 0; path = XCatalogOSX.app; sourceTree = BUILT_PRODUCTS_DIR; };
		E3694A3A1B51732D0013F46D /* Info.plist */ = {isa = PBXFileReference; lastKnownFileType = text.plist.xml; path = Info.plist; sourceTree = "<group>"; };
		E3694A3B1B51732D0013F46D /* AppDelegate.swift */ = {isa = PBXFileReference; lastKnownFileType = sourcecode.swift; path = AppDelegate.swift; sourceTree = "<group>"; };
		E3753BCA1B518E0E006FCC10 /* ActivityIndicatorViewController.xib */ = {isa = PBXFileReference; fileEncoding = 4; lastKnownFileType = file.xib; path = ActivityIndicatorViewController.xib; sourceTree = "<group>"; };
		E3753BCE1B518E29006FCC10 /* AlertControllerViewController.xib */ = {isa = PBXFileReference; fileEncoding = 4; lastKnownFileType = file.xib; path = AlertControllerViewController.xib; sourceTree = "<group>"; };
		E3753BD21B518E41006FCC10 /* ButtonViewController.xib */ = {isa = PBXFileReference; fileEncoding = 4; lastKnownFileType = file.xib; path = ButtonViewController.xib; sourceTree = "<group>"; };
		E3753BD61B518E82006FCC10 /* DatePickerController.xib */ = {isa = PBXFileReference; fileEncoding = 4; lastKnownFileType = file.xib; path = DatePickerController.xib; sourceTree = "<group>"; };
		E3753BDA1B518EA2006FCC10 /* ImageViewController.xib */ = {isa = PBXFileReference; fileEncoding = 4; lastKnownFileType = file.xib; path = ImageViewController.xib; sourceTree = "<group>"; };
		E3753BDE1B518EBA006FCC10 /* PageControlViewController.xib */ = {isa = PBXFileReference; fileEncoding = 4; lastKnownFileType = file.xib; path = PageControlViewController.xib; sourceTree = "<group>"; };
		E3753BE11B518ED3006FCC10 /* PickerViewController.swift */ = {isa = PBXFileReference; fileEncoding = 4; lastKnownFileType = sourcecode.swift; path = PickerViewController.swift; sourceTree = "<group>"; };
		E3753BE21B518ED3006FCC10 /* PickerViewController.xib */ = {isa = PBXFileReference; fileEncoding = 4; lastKnownFileType = file.xib; path = PickerViewController.xib; sourceTree = "<group>"; };
		E3753BE61B518EF1006FCC10 /* ProgressViewController.xib */ = {isa = PBXFileReference; fileEncoding = 4; lastKnownFileType = file.xib; path = ProgressViewController.xib; sourceTree = "<group>"; };
		E3753BE91B518F1C006FCC10 /* SegmentedControlViewController.swift */ = {isa = PBXFileReference; fileEncoding = 4; lastKnownFileType = sourcecode.swift; path = SegmentedControlViewController.swift; sourceTree = "<group>"; };
		E3753BEA1B518F1C006FCC10 /* SegmentedControlViewController.xib */ = {isa = PBXFileReference; fileEncoding = 4; lastKnownFileType = file.xib; path = SegmentedControlViewController.xib; sourceTree = "<group>"; };
		E3753BEE1B518F33006FCC10 /* SliderViewController.xib */ = {isa = PBXFileReference; fileEncoding = 4; lastKnownFileType = file.xib; path = SliderViewController.xib; sourceTree = "<group>"; };
		E3753BF21B518F5C006FCC10 /* StepperViewController.xib */ = {isa = PBXFileReference; fileEncoding = 4; lastKnownFileType = file.xib; path = StepperViewController.xib; sourceTree = "<group>"; };
		E3753BF61B518F85006FCC10 /* SwitchViewController.xib */ = {isa = PBXFileReference; fileEncoding = 4; lastKnownFileType = file.xib; path = SwitchViewController.xib; sourceTree = "<group>"; };
		E3753BFA1B518FA8006FCC10 /* TextFieldViewController.xib */ = {isa = PBXFileReference; fileEncoding = 4; lastKnownFileType = file.xib; path = TextFieldViewController.xib; sourceTree = "<group>"; };
		E3753BFD1B518FC0006FCC10 /* TextViewController.swift */ = {isa = PBXFileReference; fileEncoding = 4; lastKnownFileType = sourcecode.swift; path = TextViewController.swift; sourceTree = "<group>"; };
		E3753BFE1B518FC0006FCC10 /* TextViewController.xib */ = {isa = PBXFileReference; fileEncoding = 4; lastKnownFileType = file.xib; path = TextViewController.xib; sourceTree = "<group>"; };
		E3753C011B518FD8006FCC10 /* WebViewController.swift */ = {isa = PBXFileReference; fileEncoding = 4; lastKnownFileType = sourcecode.swift; path = WebViewController.swift; sourceTree = "<group>"; };
		E3753C021B518FD8006FCC10 /* WebViewController.xib */ = {isa = PBXFileReference; fileEncoding = 4; lastKnownFileType = file.xib; path = WebViewController.xib; sourceTree = "<group>"; };
		E38F2EC31B52A651000A70C7 /* SwitchViewController.swift */ = {isa = PBXFileReference; fileEncoding = 4; lastKnownFileType = sourcecode.swift; path = SwitchViewController.swift; sourceTree = "<group>"; };
		E3ADC97D1B51ADCA0042087B /* DatePickerController.swift */ = {isa = PBXFileReference; fileEncoding = 4; lastKnownFileType = sourcecode.swift; path = DatePickerController.swift; sourceTree = "<group>"; };
		E3ADC97E1B51ADCA0042087B /* XColor+ApplicationSpecific.swift */ = {isa = PBXFileReference; fileEncoding = 4; lastKnownFileType = sourcecode.swift; path = "XColor+ApplicationSpecific.swift"; sourceTree = "<group>"; };
		E3ADC98A1B51AE6C0042087B /* XKit-OSX.swift */ = {isa = PBXFileReference; fileEncoding = 4; lastKnownFileType = sourcecode.swift; path = "XKit-OSX.swift"; sourceTree = "<group>"; };
		E3ADC98D1B51AF4C0042087B /* XKit-iOS.swift */ = {isa = PBXFileReference; fileEncoding = 4; lastKnownFileType = sourcecode.swift; path = "XKit-iOS.swift"; sourceTree = "<group>"; };
/* End PBXFileReference section */

/* Begin PBXFrameworksBuildPhase section */
		228DB9F018BC53F1002BA12A /* Frameworks */ = {
			isa = PBXFrameworksBuildPhase;
			buildActionMask = 2147483647;
			files = (
			);
			runOnlyForDeploymentPostprocessing = 0;
		};
		E3694A341B51732D0013F46D /* Frameworks */ = {
			isa = PBXFrameworksBuildPhase;
			buildActionMask = 2147483647;
			files = (
			);
			runOnlyForDeploymentPostprocessing = 0;
		};
/* End PBXFrameworksBuildPhase section */

/* Begin PBXGroup section */
		228DB9EA18BC53F1002BA12A = {
			isa = PBXGroup;
			children = (
				E36604161B51F29B008F02E6 /* README.md */,
				E322C8AC1B52E755002C1020 /* LICENSE.md */,
				3E5C084A19748EAA00969DD7 /* Apple README.md */,
				E322C8AD1B52E846002C1020 /* Apple LICENSE.txt */,
				E3ADC97C1B51ADCA0042087B /* XCatalogShared */,
				228DB9F518BC53F1002BA12A /* XCatalogiOS */,
				E3694A381B51732D0013F46D /* XCatalogOSX */,
				228DB9F418BC53F1002BA12A /* Products */,
			);
			sourceTree = "<group>";
		};
		228DB9F418BC53F1002BA12A /* Products */ = {
			isa = PBXGroup;
			children = (
				228DB9F318BC53F1002BA12A /* XCatalogiOS.app */,
				E3694A371B51732D0013F46D /* XCatalogOSX.app */,
			);
			name = Products;
			sourceTree = "<group>";
		};
		228DB9F518BC53F1002BA12A /* XCatalogiOS */ = {
			isa = PBXGroup;
			children = (
				E3ADC98D1B51AF4C0042087B /* XKit-iOS.swift */,
				3E1DA7601931CC99000114A9 /* View Controllers */,
				3E2459D41931CCB5002D3369 /* Application */,
				228DBA0718BC53F1002BA12A /* Images.xcassets */,
				228DB9F618BC53F1002BA12A /* Supporting Files */,
			);
			path = XCatalogiOS;
			sourceTree = "<group>";
		};
		228DB9F618BC53F1002BA12A /* Supporting Files */ = {
			isa = PBXGroup;
			children = (
				2200542E18BC54F5002A6E8B /* Localizable.strings */,
				228DB9F718BC53F1002BA12A /* UICatalog-Info.plist */,
				228DB9F818BC53F1002BA12A /* InfoPlist.strings */,
			);
			name = "Supporting Files";
			sourceTree = "<group>";
		};
		22B7BB9718BC601D006C4AD5 /* Search */ = {
			isa = PBXGroup;
			children = (
				3E6AE84D196B1FC10062A3E1 /* Search Bar */,
				3E6AE84C196B1FB30062A3E1 /* Search Controllers */,
			);
			name = Search;
			sourceTree = "<group>";
		};
		22B7BB9818BC6024006C4AD5 /* Toolbar View Controllers */ = {
			isa = PBXGroup;
			children = (
				2200542618BC54EC002A6E8B /* DefaultToolbarViewController.swift */,
				2200543A18BC54F5002A6E8B /* TintedToolbarViewController.swift */,
				2200542318BC54EC002A6E8B /* CustomToolbarViewController.swift */,
			);
			name = "Toolbar View Controllers";
			sourceTree = "<group>";
		};
		3E1DA7601931CC99000114A9 /* View Controllers */ = {
			isa = PBXGroup;
			children = (
				2200543118BC54F5002A6E8B /* PickerViewController.swift */,
				2200543318BC54F5002A6E8B /* SegmentedControlViewController.swift */,
				2200543918BC54F5002A6E8B /* TextViewController.swift */,
				2200543B18BC54F5002A6E8B /* WebViewController.swift */,
				22B7BB9718BC601D006C4AD5 /* Search */,
				22B7BB9818BC6024006C4AD5 /* Toolbar View Controllers */,
			);
			name = "View Controllers";
			sourceTree = "<group>";
		};
		3E2459D41931CCB5002D3369 /* Application */ = {
			isa = PBXGroup;
			children = (
				2200541C18BC54E8002A6E8B /* AppDelegate.swift */,
				3E5C08501974991E00969DD7 /* Main.storyboard */,
			);
			name = Application;
			sourceTree = "<group>";
		};
		3E6AE84C196B1FB30062A3E1 /* Search Controllers */ = {
			isa = PBXGroup;
			children = (
				3E6AE84E196B200D0062A3E1 /* Base View Controllers */,
				3E6AE855196B3B490062A3E1 /* SearchPresentOverNavigationBarViewController.swift */,
				3E6AE859196B3BBC0062A3E1 /* SearchBarEmbeddedInNavigationBarViewController.swift */,
				3E6AE853196B39350062A3E1 /* SearchShowResultsInSourceViewController.swift */,
			);
			name = "Search Controllers";
			sourceTree = "<group>";
		};
		3E6AE84D196B1FC10062A3E1 /* Search Bar */ = {
			isa = PBXGroup;
			children = (
				2200542518BC54EC002A6E8B /* DefaultSearchBarViewController.swift */,
				2200542218BC54EC002A6E8B /* CustomSearchBarViewController.swift */,
			);
			name = "Search Bar";
			sourceTree = "<group>";
		};
		3E6AE84E196B200D0062A3E1 /* Base View Controllers */ = {
			isa = PBXGroup;
			children = (
				3E6AE84F196B20240062A3E1 /* SearchControllerBaseViewController.swift */,
				3E6AE851196B39110062A3E1 /* SearchResultsViewController.swift */,
			);
			name = "Base View Controllers";
			sourceTree = "<group>";
		};
		E3694A381B51732D0013F46D /* XCatalogOSX */ = {
			isa = PBXGroup;
			children = (
				E3ADC98A1B51AE6C0042087B /* XKit-OSX.swift */,
				E3649B211B5174C6003942E0 /* OSXMain.storyboard */,
				E3649B171B5174A6003942E0 /* BlueViewController.swift */,
				E3649B181B5174A6003942E0 /* BlueViewController.xib */,
				E3649B191B5174A6003942E0 /* MasterDetailViewController.swift */,
				E3649B1A1B5174A6003942E0 /* PurpleViewController.swift */,
				E3649B1B1B5174A6003942E0 /* PurpleViewController.xib */,
				E3694A3B1B51732D0013F46D /* AppDelegate.swift */,
				E3694A391B51732D0013F46D /* Supporting Files */,
				E3753BCA1B518E0E006FCC10 /* ActivityIndicatorViewController.xib */,
				E3753BCE1B518E29006FCC10 /* AlertControllerViewController.xib */,
				E3753BD21B518E41006FCC10 /* ButtonViewController.xib */,
				E3753BD61B518E82006FCC10 /* DatePickerController.xib */,
				E3753BDA1B518EA2006FCC10 /* ImageViewController.xib */,
				E3753BDE1B518EBA006FCC10 /* PageControlViewController.xib */,
				E3753BE11B518ED3006FCC10 /* PickerViewController.swift */,
				E3753BE21B518ED3006FCC10 /* PickerViewController.xib */,
				E3753BE61B518EF1006FCC10 /* ProgressViewController.xib */,
				E3753BE91B518F1C006FCC10 /* SegmentedControlViewController.swift */,
				E3753BEA1B518F1C006FCC10 /* SegmentedControlViewController.xib */,
				E3753BEE1B518F33006FCC10 /* SliderViewController.xib */,
				E3753BF21B518F5C006FCC10 /* StepperViewController.xib */,
				E3753BF61B518F85006FCC10 /* SwitchViewController.xib */,
				E3753BFA1B518FA8006FCC10 /* TextFieldViewController.xib */,
				E3753BFD1B518FC0006FCC10 /* TextViewController.swift */,
				E3753BFE1B518FC0006FCC10 /* TextViewController.xib */,
				E3753C011B518FD8006FCC10 /* WebViewController.swift */,
				E3753C021B518FD8006FCC10 /* WebViewController.xib */,
			);
			path = XCatalogOSX;
			sourceTree = "<group>";
		};
		E3694A391B51732D0013F46D /* Supporting Files */ = {
			isa = PBXGroup;
			children = (
				E3694A3A1B51732D0013F46D /* Info.plist */,
			);
			name = "Supporting Files";
			sourceTree = "<group>";
		};
		E3ADC97C1B51ADCA0042087B /* XCatalogShared */ = {
			isa = PBXGroup;
			children = (
				A66F86631B82761500BE26DC /* PageControlViewController.swift */,
				A66F86601B7FF6F100BE26DC /* ImageViewController.swift */,
				A6E82D881B6B3E0A009402A2 /* AlertControllerViewController.swift */,
				A680ACD01B52E14D006ADDBC /* ButtonViewController.swift */,
				A680ACCD1B52DA74006ADDBC /* ActivityIndicatorViewController.swift */,
				E3ADC97D1B51ADCA0042087B /* DatePickerController.swift */,
				E3ADC97E1B51ADCA0042087B /* XColor+ApplicationSpecific.swift */,
				E30E98AD1B5229FC0009ADD3 /* ProgressViewController.swift */,
				A6E82D8B1B702533009402A2 /* SliderViewController.swift */,
				A6E82D8E1B703527009402A2 /* StepperViewController.swift */,
				E38F2EC31B52A651000A70C7 /* SwitchViewController.swift */,
				A6E82D911B70933D009402A2 /* TextFieldViewController.swift */,
			);
			path = XCatalogShared;
			sourceTree = "<group>";
		};
/* End PBXGroup section */

/* Begin PBXNativeTarget section */
		228DB9F218BC53F1002BA12A /* XCatalogiOS */ = {
			isa = PBXNativeTarget;
			buildConfigurationList = 228DBA0B18BC53F1002BA12A /* Build configuration list for PBXNativeTarget "XCatalogiOS" */;
			buildPhases = (
				228DB9EF18BC53F1002BA12A /* Sources */,
				228DB9F018BC53F1002BA12A /* Frameworks */,
				228DB9F118BC53F1002BA12A /* Resources */,
			);
			buildRules = (
			);
			dependencies = (
			);
			name = XCatalogiOS;
			productName = UICatalog;
			productReference = 228DB9F318BC53F1002BA12A /* XCatalogiOS.app */;
			productType = "com.apple.product-type.application";
		};
		E3694A361B51732D0013F46D /* XCatalogOSX */ = {
			isa = PBXNativeTarget;
			buildConfigurationList = E3694A541B51732E0013F46D /* Build configuration list for PBXNativeTarget "XCatalogOSX" */;
			buildPhases = (
				E3694A331B51732D0013F46D /* Sources */,
				E3694A341B51732D0013F46D /* Frameworks */,
				E3694A351B51732D0013F46D /* Resources */,
			);
			buildRules = (
			);
			dependencies = (
			);
			name = XCatalogOSX;
			productName = XCatalogOSX;
			productReference = E3694A371B51732D0013F46D /* XCatalogOSX.app */;
			productType = "com.apple.product-type.application";
		};
/* End PBXNativeTarget section */

/* Begin PBXProject section */
		228DB9EB18BC53F1002BA12A /* Project object */ = {
			isa = PBXProject;
			attributes = {
				LastSwiftUpdateCheck = 0700;
				LastUpgradeCheck = 0600;
				ORGANIZATIONNAME = Apple;
				TargetAttributes = {
					E3694A361B51732D0013F46D = {
						CreatedOnToolsVersion = 6.4;
					};
					E3694A561B51736B0013F46D = {
						CreatedOnToolsVersion = 6.4;
					};
				};
			};
			buildConfigurationList = 228DB9EE18BC53F1002BA12A /* Build configuration list for PBXProject "XCatalog" */;
			compatibilityVersion = "Xcode 3.2";
			developmentRegion = English;
			hasScannedForEncodings = 0;
			knownRegions = (
				en,
				Base,
			);
			mainGroup = 228DB9EA18BC53F1002BA12A;
			productRefGroup = 228DB9F418BC53F1002BA12A /* Products */;
			projectDirPath = "";
			projectRoot = "";
			targets = (
				228DB9F218BC53F1002BA12A /* XCatalogiOS */,
				E3694A361B51732D0013F46D /* XCatalogOSX */,
				E3694A561B51736B0013F46D /* BuildBoth */,
			);
		};
/* End PBXProject section */

/* Begin PBXResourcesBuildPhase section */
		228DB9F118BC53F1002BA12A /* Resources */ = {
			isa = PBXResourcesBuildPhase;
			buildActionMask = 2147483647;
			files = (
				2200543D18BC54F5002A6E8B /* Localizable.strings in Resources */,
				3E5C084E1974991E00969DD7 /* Main.storyboard in Resources */,
				228DBA0818BC53F1002BA12A /* Images.xcassets in Resources */,
				228DB9FA18BC53F1002BA12A /* InfoPlist.strings in Resources */,
			);
			runOnlyForDeploymentPostprocessing = 0;
		};
		E3694A351B51732D0013F46D /* Resources */ = {
			isa = PBXResourcesBuildPhase;
			buildActionMask = 2147483647;
			files = (
				E3753BCC1B518E0E006FCC10 /* ActivityIndicatorViewController.xib in Resources */,
				E3753BE01B518EBA006FCC10 /* PageControlViewController.xib in Resources */,
				E3753BDC1B518EA2006FCC10 /* ImageViewController.xib in Resources */,
				E3753BE41B518ED3006FCC10 /* PickerViewController.xib in Resources */,
				E3753BD81B518E82006FCC10 /* DatePickerController.xib in Resources */,
				E3753BF01B518F33006FCC10 /* SliderViewController.xib in Resources */,
				E3753BD41B518E41006FCC10 /* ButtonViewController.xib in Resources */,
				E3753BD01B518E29006FCC10 /* AlertControllerViewController.xib in Resources */,
				E3649B231B5174C6003942E0 /* OSXMain.storyboard in Resources */,
				E3753C001B518FC0006FCC10 /* TextViewController.xib in Resources */,
				E3649B201B5174A6003942E0 /* PurpleViewController.xib in Resources */,
				E3753BF81B518F85006FCC10 /* SwitchViewController.xib in Resources */,
				E3649B1D1B5174A6003942E0 /* BlueViewController.xib in Resources */,
				E3753C041B518FD8006FCC10 /* WebViewController.xib in Resources */,
				E3753BFC1B518FA9006FCC10 /* TextFieldViewController.xib in Resources */,
				A680ACD51B53001C006ADDBC /* Images.xcassets in Resources */,
				E3753BEC1B518F1C006FCC10 /* SegmentedControlViewController.xib in Resources */,
				E3753BE81B518EF1006FCC10 /* ProgressViewController.xib in Resources */,
				E3753BF41B518F5C006FCC10 /* StepperViewController.xib in Resources */,
			);
			runOnlyForDeploymentPostprocessing = 0;
		};
/* End PBXResourcesBuildPhase section */

/* Begin PBXSourcesBuildPhase section */
		228DB9EF18BC53F1002BA12A /* Sources */ = {
			isa = PBXSourcesBuildPhase;
			buildActionMask = 2147483647;
			files = (
				2200544018BC54F5002A6E8B /* PickerViewController.swift in Sources */,
				A6E82D8F1B703527009402A2 /* StepperViewController.swift in Sources */,
				A680ACD11B52E14D006ADDBC /* ButtonViewController.swift in Sources */,
				3E6AE852196B39110062A3E1 /* SearchResultsViewController.swift in Sources */,
				E3ADC98E1B51AF4C0042087B /* XKit-iOS.swift in Sources */,
				3E6AE85A196B3BBC0062A3E1 /* SearchBarEmbeddedInNavigationBarViewController.swift in Sources */,
				2200544918BC54F5002A6E8B /* TintedToolbarViewController.swift in Sources */,
				2200544218BC54F5002A6E8B /* SegmentedControlViewController.swift in Sources */,
				E30E98AE1B5229FC0009ADD3 /* ProgressViewController.swift in Sources */,
				3E6AE856196B3B490062A3E1 /* SearchPresentOverNavigationBarViewController.swift in Sources */,
				A6E82D891B6B3E0A009402A2 /* AlertControllerViewController.swift in Sources */,
				2200544A18BC54F5002A6E8B /* WebViewController.swift in Sources */,
				2200542018BC54E8002A6E8B /* AppDelegate.swift in Sources */,
				2200542C18BC54EC002A6E8B /* DefaultToolbarViewController.swift in Sources */,
				E3ADC9811B51ADCA0042087B /* XColor+ApplicationSpecific.swift in Sources */,
				A66F86641B82761500BE26DC /* PageControlViewController.swift in Sources */,
				3E6AE854196B39350062A3E1 /* SearchShowResultsInSourceViewController.swift in Sources */,
				E38F2EC41B52A651000A70C7 /* SwitchViewController.swift in Sources */,
				2200544818BC54F5002A6E8B /* TextViewController.swift in Sources */,
				2200542B18BC54EC002A6E8B /* DefaultSearchBarViewController.swift in Sources */,
				3E6AE850196B20240062A3E1 /* SearchControllerBaseViewController.swift in Sources */,
				2200542818BC54EC002A6E8B /* CustomSearchBarViewController.swift in Sources */,
				2200542918BC54EC002A6E8B /* CustomToolbarViewController.swift in Sources */,
				A680ACCE1B52DA74006ADDBC /* ActivityIndicatorViewController.swift in Sources */,
				A6E82D8C1B702533009402A2 /* SliderViewController.swift in Sources */,
				E3ADC97F1B51ADCA0042087B /* DatePickerController.swift in Sources */,
				A6E82D921B70933D009402A2 /* TextFieldViewController.swift in Sources */,
				A66F86611B7FF6F100BE26DC /* ImageViewController.swift in Sources */,
			);
			runOnlyForDeploymentPostprocessing = 0;
		};
		E3694A331B51732D0013F46D /* Sources */ = {
			isa = PBXSourcesBuildPhase;
			buildActionMask = 2147483647;
			files = (
				E3753C031B518FD8006FCC10 /* WebViewController.swift in Sources */,
				A6E82D901B703527009402A2 /* StepperViewController.swift in Sources */,
				E3ADC98C1B51AE6C0042087B /* XKit-OSX.swift in Sources */,
				E30E98AF1B5230500009ADD3 /* ProgressViewController.swift in Sources */,
				A680ACCF1B52DB12006ADDBC /* ActivityIndicatorViewController.swift in Sources */,
				E3649B1F1B5174A6003942E0 /* PurpleViewController.swift in Sources */,
				A6E82D8D1B702533009402A2 /* SliderViewController.swift in Sources */,
				A66F86651B82761500BE26DC /* PageControlViewController.swift in Sources */,
				E38F2EC51B52A82E000A70C7 /* SwitchViewController.swift in Sources */,
				E3753BEB1B518F1C006FCC10 /* SegmentedControlViewController.swift in Sources */,
				A680ACD21B52E14D006ADDBC /* ButtonViewController.swift in Sources */,
				E3753BFF1B518FC0006FCC10 /* TextViewController.swift in Sources */,
				E3649B1C1B5174A6003942E0 /* BlueViewController.swift in Sources */,
				E3ADC9821B51ADCA0042087B /* XColor+ApplicationSpecific.swift in Sources */,
				E3694A3C1B51732D0013F46D /* AppDelegate.swift in Sources */,
				E3ADC9801B51ADCA0042087B /* DatePickerController.swift in Sources */,
				E3753BE31B518ED3006FCC10 /* PickerViewController.swift in Sources */,
				A6E82D931B70933D009402A2 /* TextFieldViewController.swift in Sources */,
				A6E82D8A1B6B3E0A009402A2 /* AlertControllerViewController.swift in Sources */,
				A66F86621B7FF6F100BE26DC /* ImageViewController.swift in Sources */,
				E3649B1E1B5174A6003942E0 /* MasterDetailViewController.swift in Sources */,
			);
			runOnlyForDeploymentPostprocessing = 0;
		};
/* End PBXSourcesBuildPhase section */

/* Begin PBXTargetDependency section */
		E3694A5B1B5173750013F46D /* PBXTargetDependency */ = {
			isa = PBXTargetDependency;
			target = 228DB9F218BC53F1002BA12A /* XCatalogiOS */;
			targetProxy = E3694A5A1B5173750013F46D /* PBXContainerItemProxy */;
		};
		E3694A5D1B5173750013F46D /* PBXTargetDependency */ = {
			isa = PBXTargetDependency;
			target = E3694A361B51732D0013F46D /* XCatalogOSX */;
			targetProxy = E3694A5C1B5173750013F46D /* PBXContainerItemProxy */;
		};
/* End PBXTargetDependency section */

/* Begin PBXVariantGroup section */
		228DB9F818BC53F1002BA12A /* InfoPlist.strings */ = {
			isa = PBXVariantGroup;
			children = (
				228DB9F918BC53F1002BA12A /* en */,
			);
			name = InfoPlist.strings;
			sourceTree = "<group>";
		};
		3E5C08501974991E00969DD7 /* Main.storyboard */ = {
			isa = PBXVariantGroup;
			children = (
				3E5C084F1974991E00969DD7 /* Base */,
			);
			name = Main.storyboard;
			sourceTree = "<group>";
		};
		E3649B211B5174C6003942E0 /* OSXMain.storyboard */ = {
			isa = PBXVariantGroup;
			children = (
				E3649B221B5174C6003942E0 /* Base */,
			);
			name = OSXMain.storyboard;
			sourceTree = "<group>";
		};
/* End PBXVariantGroup section */

/* Begin XCBuildConfiguration section */
		228DBA0918BC53F1002BA12A /* Debug */ = {
			isa = XCBuildConfiguration;
			buildSettings = {
				ALWAYS_SEARCH_USER_PATHS = NO;
				CLANG_CXX_LANGUAGE_STANDARD = "gnu++0x";
				CLANG_CXX_LIBRARY = "libc++";
				CLANG_ENABLE_MODULES = YES;
				CLANG_ENABLE_OBJC_ARC = YES;
				CLANG_WARN_BOOL_CONVERSION = YES;
				CLANG_WARN_CONSTANT_CONVERSION = YES;
				CLANG_WARN_DIRECT_OBJC_ISA_USAGE = YES_ERROR;
				CLANG_WARN_EMPTY_BODY = YES;
				CLANG_WARN_ENUM_CONVERSION = YES;
				CLANG_WARN_INT_CONVERSION = YES;
				CLANG_WARN_OBJC_ROOT_CLASS = YES_ERROR;
				CLANG_WARN__DUPLICATE_METHOD_MATCH = YES;
				"CODE_SIGN_IDENTITY[sdk=iphoneos*]" = "iPhone Developer";
				COPY_PHASE_STRIP = NO;
				GCC_C_LANGUAGE_STANDARD = gnu99;
				GCC_DYNAMIC_NO_PIC = NO;
				GCC_OPTIMIZATION_LEVEL = 0;
				GCC_PREPROCESSOR_DEFINITIONS = (
					"DEBUG=1",
					"$(inherited)",
				);
				GCC_SYMBOLS_PRIVATE_EXTERN = NO;
				GCC_WARN_64_TO_32_BIT_CONVERSION = YES;
				GCC_WARN_ABOUT_RETURN_TYPE = YES_ERROR;
				GCC_WARN_UNDECLARED_SELECTOR = YES;
				GCC_WARN_UNINITIALIZED_AUTOS = YES_AGGRESSIVE;
				GCC_WARN_UNUSED_FUNCTION = YES;
				GCC_WARN_UNUSED_VARIABLE = YES;
				IPHONEOS_DEPLOYMENT_TARGET = 8.0;
				ONLY_ACTIVE_ARCH = YES;
				SDKROOT = iphoneos;
				TARGETED_DEVICE_FAMILY = "1,2";
			};
			name = Debug;
		};
		228DBA0A18BC53F1002BA12A /* Release */ = {
			isa = XCBuildConfiguration;
			buildSettings = {
				ALWAYS_SEARCH_USER_PATHS = NO;
				CLANG_CXX_LANGUAGE_STANDARD = "gnu++0x";
				CLANG_CXX_LIBRARY = "libc++";
				CLANG_ENABLE_MODULES = YES;
				CLANG_ENABLE_OBJC_ARC = YES;
				CLANG_WARN_BOOL_CONVERSION = YES;
				CLANG_WARN_CONSTANT_CONVERSION = YES;
				CLANG_WARN_DIRECT_OBJC_ISA_USAGE = YES_ERROR;
				CLANG_WARN_EMPTY_BODY = YES;
				CLANG_WARN_ENUM_CONVERSION = YES;
				CLANG_WARN_INT_CONVERSION = YES;
				CLANG_WARN_OBJC_ROOT_CLASS = YES_ERROR;
				CLANG_WARN__DUPLICATE_METHOD_MATCH = YES;
				"CODE_SIGN_IDENTITY[sdk=iphoneos*]" = "iPhone Developer";
				COPY_PHASE_STRIP = YES;
				ENABLE_NS_ASSERTIONS = NO;
				GCC_C_LANGUAGE_STANDARD = gnu99;
				GCC_WARN_64_TO_32_BIT_CONVERSION = YES;
				GCC_WARN_ABOUT_RETURN_TYPE = YES_ERROR;
				GCC_WARN_UNDECLARED_SELECTOR = YES;
				GCC_WARN_UNINITIALIZED_AUTOS = YES_AGGRESSIVE;
				GCC_WARN_UNUSED_FUNCTION = YES;
				GCC_WARN_UNUSED_VARIABLE = YES;
				IPHONEOS_DEPLOYMENT_TARGET = 8.0;
				SDKROOT = iphoneos;
				TARGETED_DEVICE_FAMILY = "1,2";
				VALIDATE_PRODUCT = YES;
			};
			name = Release;
		};
		228DBA0C18BC53F1002BA12A /* Debug */ = {
			isa = XCBuildConfiguration;
			buildSettings = {
				ASSETCATALOG_COMPILER_APPICON_NAME = AppIcon;
				ASSETCATALOG_COMPILER_LAUNCHIMAGE_NAME = LaunchImage;
				INFOPLIST_FILE = "$(SRCROOT)/XCatalogiOS/UICatalog-Info.plist";
				IPHONEOS_DEPLOYMENT_TARGET = 8.0;
				LD_RUNPATH_SEARCH_PATHS = "@executable_path/Frameworks";
				PRODUCT_NAME = "$(TARGET_NAME)";
			};
			name = Debug;
		};
		228DBA0D18BC53F1002BA12A /* Release */ = {
			isa = XCBuildConfiguration;
			buildSettings = {
				ASSETCATALOG_COMPILER_APPICON_NAME = AppIcon;
				ASSETCATALOG_COMPILER_LAUNCHIMAGE_NAME = LaunchImage;
				INFOPLIST_FILE = "$(SRCROOT)/XCatalogiOS/UICatalog-Info.plist";
				IPHONEOS_DEPLOYMENT_TARGET = 8.0;
				LD_RUNPATH_SEARCH_PATHS = "@executable_path/Frameworks";
				PRODUCT_NAME = "$(TARGET_NAME)";
			};
			name = Release;
		};
		E3694A501B51732D0013F46D /* Debug */ = {
			isa = XCBuildConfiguration;
			buildSettings = {
				ASSETCATALOG_COMPILER_APPICON_NAME = AppIcon;
				CLANG_WARN_UNREACHABLE_CODE = YES;
				CODE_SIGN_IDENTITY = "-";
				COMBINE_HIDPI_IMAGES = YES;
				DEBUG_INFORMATION_FORMAT = dwarf;
				ENABLE_STRICT_OBJC_MSGSEND = YES;
				GCC_NO_COMMON_BLOCKS = YES;
				GCC_PREPROCESSOR_DEFINITIONS = (
					"DEBUG=1",
					"$(inherited)",
				);
				INFOPLIST_FILE = XCatalogOSX/Info.plist;
				LD_RUNPATH_SEARCH_PATHS = "$(inherited) @executable_path/../Frameworks";
				MACOSX_DEPLOYMENT_TARGET = 10.10;
				MTL_ENABLE_DEBUG_INFO = YES;
				PRODUCT_NAME = "$(TARGET_NAME)";
				SDKROOT = macosx;
				SWIFT_OPTIMIZATION_LEVEL = "-Onone";
			};
			name = Debug;
		};
		E3694A511B51732D0013F46D /* Release */ = {
			isa = XCBuildConfiguration;
			buildSettings = {
				ASSETCATALOG_COMPILER_APPICON_NAME = AppIcon;
				CLANG_WARN_UNREACHABLE_CODE = YES;
				CODE_SIGN_IDENTITY = "-";
				COMBINE_HIDPI_IMAGES = YES;
				COPY_PHASE_STRIP = NO;
				DEBUG_INFORMATION_FORMAT = "dwarf-with-dsym";
				ENABLE_STRICT_OBJC_MSGSEND = YES;
				GCC_NO_COMMON_BLOCKS = YES;
				INFOPLIST_FILE = XCatalogOSX/Info.plist;
				LD_RUNPATH_SEARCH_PATHS = "$(inherited) @executable_path/../Frameworks";
				MACOSX_DEPLOYMENT_TARGET = 10.10;
				MTL_ENABLE_DEBUG_INFO = NO;
				PRODUCT_NAME = "$(TARGET_NAME)";
				SDKROOT = macosx;
			};
			name = Release;
		};
		E3694A581B51736B0013F46D /* Debug */ = {
			isa = XCBuildConfiguration;
			buildSettings = {
				PRODUCT_NAME = "$(TARGET_NAME)";
			};
			name = Debug;
		};
		E3694A591B51736B0013F46D /* Release */ = {
			isa = XCBuildConfiguration;
			buildSettings = {
				PRODUCT_NAME = "$(TARGET_NAME)";
			};
			name = Release;
		};
/* End XCBuildConfiguration section */

/* Begin XCConfigurationList section */
		228DB9EE18BC53F1002BA12A /* Build configuration list for PBXProject "XCatalog" */ = {
			isa = XCConfigurationList;
			buildConfigurations = (
				228DBA0918BC53F1002BA12A /* Debug */,
				228DBA0A18BC53F1002BA12A /* Release */,
			);
			defaultConfigurationIsVisible = 0;
			defaultConfigurationName = Release;
		};
		228DBA0B18BC53F1002BA12A /* Build configuration list for PBXNativeTarget "XCatalogiOS" */ = {
			isa = XCConfigurationList;
			buildConfigurations = (
				228DBA0C18BC53F1002BA12A /* Debug */,
				228DBA0D18BC53F1002BA12A /* Release */,
			);
			defaultConfigurationIsVisible = 0;
			defaultConfigurationName = Release;
		};
		E3694A541B51732E0013F46D /* Build configuration list for PBXNativeTarget "XCatalogOSX" */ = {
			isa = XCConfigurationList;
			buildConfigurations = (
				E3694A501B51732D0013F46D /* Debug */,
				E3694A511B51732D0013F46D /* Release */,
			);
			defaultConfigurationIsVisible = 0;
			defaultConfigurationName = Release;
		};
		E3694A571B51736B0013F46D /* Build configuration list for PBXAggregateTarget "BuildBoth" */ = {
			isa = XCConfigurationList;
			buildConfigurations = (
				E3694A581B51736B0013F46D /* Debug */,
				E3694A591B51736B0013F46D /* Release */,
			);
			defaultConfigurationIsVisible = 0;
			defaultConfigurationName = Release;
		};
/* End XCConfigurationList section */
	};
	rootObject = 228DB9EB18BC53F1002BA12A /* Project object */;
}
